
Microsoft Visual Studio Solution File, Format Version 12.00
# Visual Studio 2012
Project("{FAE04EC0-301F-11D3-BF4B-00C04F79EFBC}") = "TeamCityBackupTask", "TeamCityBackupTask\TeamCityBackupTask.csproj", "{C9727470-0CA0-4452-9C8A-FA90EEC60083}"
EndProject
Project("{FAE04EC0-301F-11D3-BF4B-00C04F79EFBC}") = "UnitTests", "UnitTests\UnitTests.csproj", "{EBDB14DB-8179-4BC6-9DCE-A990B60C0E49}"
EndProject
Global
	GlobalSection(SolutionConfigurationPlatforms) = preSolution
		Debug|Any CPU = Debug|Any CPU
		Release|Any CPU = Release|Any CPU
	EndGlobalSection
	GlobalSection(ProjectConfigurationPlatforms) = postSolution
		{C9727470-0CA0-4452-9C8A-FA90EEC60083}.Debug|Any CPU.ActiveCfg = Debug|Any CPU
		{C9727470-0CA0-4452-9C8A-FA90EEC60083}.Debug|Any CPU.Build.0 = Debug|Any CPU
		{C9727470-0CA0-4452-9C8A-FA90EEC60083}.Release|Any CPU.ActiveCfg = Release|Any CPU
		{C9727470-0CA0-4452-9C8A-FA90EEC60083}.Release|Any CPU.Build.0 = Release|Any CPU
		{EBDB14DB-8179-4BC6-9DCE-A990B60C0E49}.Debug|Any CPU.ActiveCfg = Debug|Any CPU
		{EBDB14DB-8179-4BC6-9DCE-A990B60C0E49}.Debug|Any CPU.Build.0 = Debug|Any CPU
		{EBDB14DB-8179-4BC6-9DCE-A990B60C0E49}.Release|Any CPU.ActiveCfg = Release|Any CPU
		{EBDB14DB-8179-4BC6-9DCE-A990B60C0E49}.Release|Any CPU.Build.0 = Release|Any CPU
	EndGlobalSection
	GlobalSection(SolutionProperties) = preSolution
		HideSolutionNode = FALSE
	EndGlobalSection
EndGlobal
